
Microsoft Visual Studio Solution File, Format Version 12.00
# Visual Studio Version 16
VisualStudioVersion = 16.0.31005.135
MinimumVisualStudioVersion = 10.0.40219.1
Project("{8BC9CEB8-8B4A-11D0-8D11-00A0C91BC942}") = "pdbinfo", "pdbinfo.vcxproj", "{D4627AD0-9490-4B22-99A4-E106076AEF92}"
EndProject
Global
	GlobalSection(SolutionConfigurationPlatforms) = preSolution
		Debug|Win32 = Debug|Win32
		Debug|x64 = Debug|x64
		Release|Win32 = Release|Win32
		Release|x64 = Release|x64
	EndGlobalSection
	GlobalSection(ProjectConfigurationPlatforms) = postSolution
		{D4627AD0-9490-4B22-99A4-E106076AEF92}.Debug|Win32.ActiveCfg = Debug|Win32
		{D4627AD0-9490-4B22-99A4-E106076AEF92}.Debug|Win32.Build.0 = Debug|Win32
		{D4627AD0-9490-4B22-99A4-E106076AEF92}.Debug|x64.ActiveCfg = Debug|x64
		{D4627AD0-9490-4B22-99A4-E106076AEF92}.Debug|x64.Build.0 = Debug|x64
		{D4627AD0-9490-4B22-99A4-E106076AEF92}.Release|Win32.ActiveCfg = Release|Win32
		{D4627AD0-9490-4B22-99A4-E106076AEF92}.Release|Win32.Build.0 = Release|Win32
		{D4627AD0-9490-4B22-99A4-E106076AEF92}.Release|x64.ActiveCfg = Release|x64
		{D4627AD0-9490-4B22-99A4-E106076AEF92}.Release|x64.Build.0 = Release|x64
	EndGlobalSection
	GlobalSection(SolutionProperties) = preSolution
		HideSolutionNode = FALSE
	EndGlobalSection
	GlobalSection(ExtensibilityGlobals) = postSolution
		SolutionGuid = {82C76478-FE69-4A21-BA70-560E1365F9B7}
	EndGlobalSection
EndGlobal
